{
  "version": "1",
  "sources": {
    "git-hooks": {
      "type": "GitHub",
      "fetchType": "tarball",
      "owner": "cachix",
      "repo": "git-hooks.nix",
      "branch": "master",
      "revision": "ca5b894d3e3e151ffc1db040b6ce4dcc75d31c37",
      "url": "https://github.com/cachix/git-hooks.nix/archive/ca5b894d3e3e151ffc1db040b6ce4dcc75d31c37.tar.gz",
      "hash": "sha256-BflA6U4AM1bzuRMR8QqzPXqh8sWVCNDzOdsxXEguJIc="
    },
    "nixpkgs": {
      "type": "GitHub",
      "fetchType": "tarball",
      "owner": "NixOS",
      "repo": "nixpkgs",
      "branch": "nixpkgs-unstable",
      "revision": "cb82756ecc37fa623f8cf3e88854f9bf7f64af93",
      "url": "https://github.com/NixOS/nixpkgs/archive/cb82756ecc37fa623f8cf3e88854f9bf7f64af93.tar.gz",
      "hash": "sha256-0JDOal5P7xzzAibvD0yTE3ptyvoVOAL0rcELmDdtSKg="
    }
  }
}
